
Microsoft Visual Studio Solution File, Format Version 12.00
# Visual Studio Version 16
VisualStudioVersion = 16.0.31911.196
MinimumVisualStudioVersion = 10.0.40219.1
Project("{FAE04EC0-301F-11D3-BF4B-00C04F79EFBC}") = "App1", "App1\App1.csproj", "{CB4384E0-7FDD-4EDD-BBA2-2371F0C32DC1}"
EndProject
Global
	GlobalSection(SolutionConfigurationPlatforms) = preSolution
		Debug|Any CPU = Debug|Any CPU
		Release|Any CPU = Release|Any CPU
	EndGlobalSection
	GlobalSection(ProjectConfigurationPlatforms) = postSolution
		{CB4384E0-7FDD-4EDD-BBA2-2371F0C32DC1}.Debug|Any CPU.ActiveCfg = Debug|Any CPU
		{CB4384E0-7FDD-4EDD-BBA2-2371F0C32DC1}.Debug|Any CPU.Build.0 = Debug|Any CPU
		{CB4384E0-7FDD-4EDD-BBA2-2371F0C32DC1}.Release|Any CPU.ActiveCfg = Release|Any CPU
		{CB4384E0-7FDD-4EDD-BBA2-2371F0C32DC1}.Release|Any CPU.Build.0 = Release|Any CPU
	EndGlobalSection
	GlobalSection(SolutionProperties) = preSolution
		HideSolutionNode = FALSE
	EndGlobalSection
	GlobalSection(ExtensibilityGlobals) = postSolution
		SolutionGuid = {F5A22623-6E49-416E-BF24-D3CB0C09D79E}
	EndGlobalSection
EndGlobal
